
Microsoft Visual Studio Solution File, Format Version 12.00
# Visual Studio Version 17
VisualStudioVersion = 17.0.31903.59
MinimumVisualStudioVersion = 10.0.40219.1
Project("{FAE04EC0-301F-11D3-BF4B-00C04F79EFBC}") = "TestingTools", "TestingTools\TestingTools.csproj", "{724FBE88-2DD8-46B4-8910-5D5B9F83A77A}"
EndProject
Project("{FAE04EC0-301F-11D3-BF4B-00C04F79EFBC}") = "TestingTools.Tests", "TestingTools.Tests\TestingTools.Tests.csproj", "{3D671127-B7F5-48B1-9AA7-D8AFBCD64125}"
EndProject
Global
	GlobalSection(SolutionConfigurationPlatforms) = preSolution
		Debug|Any CPU = Debug|Any CPU
		Release|Any CPU = Release|Any CPU
	EndGlobalSection
	GlobalSection(SolutionProperties) = preSolution
		HideSolutionNode = FALSE
	EndGlobalSection
	GlobalSection(ProjectConfigurationPlatforms) = postSolution
		{724FBE88-2DD8-46B4-8910-5D5B9F83A77A}.Debug|Any CPU.ActiveCfg = Debug|Any CPU
		{724FBE88-2DD8-46B4-8910-5D5B9F83A77A}.Debug|Any CPU.Build.0 = Debug|Any CPU
		{724FBE88-2DD8-46B4-8910-5D5B9F83A77A}.Release|Any CPU.ActiveCfg = Release|Any CPU
		{724FBE88-2DD8-46B4-8910-5D5B9F83A77A}.Release|Any CPU.Build.0 = Release|Any CPU
		{3D671127-B7F5-48B1-9AA7-D8AFBCD64125}.Debug|Any CPU.ActiveCfg = Debug|Any CPU
		{3D671127-B7F5-48B1-9AA7-D8AFBCD64125}.Debug|Any CPU.Build.0 = Debug|Any CPU
		{3D671127-B7F5-48B1-9AA7-D8AFBCD64125}.Release|Any CPU.ActiveCfg = Release|Any CPU
		{3D671127-B7F5-48B1-9AA7-D8AFBCD64125}.Release|Any CPU.Build.0 = Release|Any CPU
	EndGlobalSection
EndGlobal
